
Microsoft Visual Studio Solution File, Format Version 12.00
# Visual Studio 15
VisualStudioVersion = 15.0.27703.2042
MinimumVisualStudioVersion = 10.0.40219.1
Project("{2150E333-8FDC-42A3-9474-1A3956D46DE8}") = "0-Presentation", "0-Presentation", "{13F5B3A6-1206-4628-9E8F-6510C7BB02C6}"
EndProject
Project("{2150E333-8FDC-42A3-9474-1A3956D46DE8}") = "1-Services", "1-Services", "{395502FD-EFEC-4062-A7A2-DEFD223BDE9E}"
EndProject
Project("{2150E333-8FDC-42A3-9474-1A3956D46DE8}") = "2-Application", "2-Application", "{C087BC8D-E00A-4A40-AEF5-D1F4218CB906}"
EndProject
Project("{2150E333-8FDC-42A3-9474-1A3956D46DE8}") = "3-Domain", "3-Domain", "{F99372AC-CAFC-4DF1-8367-D36D0DE06B43}"
EndProject
Project("{2150E333-8FDC-42A3-9474-1A3956D46DE8}") = "4-Infra", "4-Infra", "{F311097F-6AD7-4F2D-9C22-CDC94F9AE50B}"
EndProject
Project("{2150E333-8FDC-42A3-9474-1A3956D46DE8}") = "4.1-CrossCutting", "4.1-CrossCutting", "{D53E70B4-5D3A-4610-987F-D9A5BA010C26}"
EndProject
Project("{2150E333-8FDC-42A3-9474-1A3956D46DE8}") = "4.2-Data", "4.2-Data", "{62A129BD-75DB-45F7-9A3E-34D397980CDC}"
EndProject
Project("{FAE04EC0-301F-11D3-BF4B-00C04F79EFBC}") = "Loja.Data", "Loja.Data\Loja.Data.csproj", "{3483B5EE-7AFB-4D0D-970C-446F0BBEF793}"
EndProject
Project("{FAE04EC0-301F-11D3-BF4B-00C04F79EFBC}") = "Loja.Domain", "Loja.Domain\Loja.Domain.csproj", "{1D86C98E-FB69-48A4-A8A0-C318552DA133}"
EndProject
Project("{FAE04EC0-301F-11D3-BF4B-00C04F79EFBC}") = "Loja.Common", "Loja.Common\Loja.Common.csproj", "{D8A13D9D-99D8-4C41-A5A7-AC4B1C7A54AC}"
EndProject
Project("{FAE04EC0-301F-11D3-BF4B-00C04F79EFBC}") = "Loja.Application", "Loja.Application\Loja.Application.csproj", "{D27BFEE1-6BE0-4598-BBEB-5DD9DDAC0F31}"
EndProject
Project("{FAE04EC0-301F-11D3-BF4B-00C04F79EFBC}") = "Loja.Startup", "Loja.Startup\Loja.Startup.csproj", "{E935B845-3D9D-4333-9625-5C1B0943F3E7}"
EndProject
Project("{2150E333-8FDC-42A3-9474-1A3956D46DE8}") = "1.0-InjecaoDependencia", "1.0-InjecaoDependencia", "{ADDD96C7-A299-4415-8A9E-9C3FEDAE23D5}"
EndProject
Project("{2150E333-8FDC-42A3-9474-1A3956D46DE8}") = "1.1-WebApi", "1.1-WebApi", "{A7037E4F-FC2F-466D-82FD-492DEDAFCBE1}"
EndProject
Project("{FAE04EC0-301F-11D3-BF4B-00C04F79EFBC}") = "Loja.WebApi", "Loja.WebApi\Loja.WebApi.csproj", "{6D299759-9C4F-4CD8-90F4-5CA7B445CEA0}"
EndProject
Project("{2150E333-8FDC-42A3-9474-1A3956D46DE8}") = "1.2-WCF", "1.2-WCF", "{D5384D61-C63A-4B5D-8425-829D75B85CFE}"
EndProject
Project("{FAE04EC0-301F-11D3-BF4B-00C04F79EFBC}") = "Loja.WCF", "Loja.WCF\Loja.WCF.csproj", "{49E110EF-03BC-450B-86B6-468611C346D5}"
EndProject
Project("{FAE04EC0-301F-11D3-BF4B-00C04F79EFBC}") = "Loja.Mvc", "Loja.Mvc\Loja.Mvc.csproj", "{0889E0FF-B7C7-4B3E-9D8F-E680E28DFD50}"
EndProject
Project("{FAE04EC0-301F-11D3-BF4B-00C04F79EFBC}") = "Loja.Mvc.Tests", "Loja.Mvc.Tests\Loja.Mvc.Tests.csproj", "{3268362F-A6DC-4619-B95F-97695DAAADE9}"
EndProject
Project("{FAE04EC0-301F-11D3-BF4B-00C04F79EFBC}") = "Loja.Angular2TypeScript", "Loja.Angular2\Loja.Angular2TypeScript.csproj", "{617A3256-2777-4C2C-8249-B57D1FAC1CC5}"
EndProject
Project("{FAE04EC0-301F-11D3-BF4B-00C04F79EFBC}") = "Loja.Angular02", "Loja.Angular02\Loja.Angular02.csproj", "{E379B398-9B5B-4105-AF64-E29019A24244}"
EndProject
Global
	GlobalSection(SolutionConfigurationPlatforms) = preSolution
		Debug|Any CPU = Debug|Any CPU
		Release|Any CPU = Release|Any CPU
	EndGlobalSection
	GlobalSection(ProjectConfigurationPlatforms) = postSolution
		{3483B5EE-7AFB-4D0D-970C-446F0BBEF793}.Debug|Any CPU.ActiveCfg = Debug|Any CPU
		{3483B5EE-7AFB-4D0D-970C-446F0BBEF793}.Debug|Any CPU.Build.0 = Debug|Any CPU
		{3483B5EE-7AFB-4D0D-970C-446F0BBEF793}.Release|Any CPU.ActiveCfg = Release|Any CPU
		{3483B5EE-7AFB-4D0D-970C-446F0BBEF793}.Release|Any CPU.Build.0 = Release|Any CPU
		{1D86C98E-FB69-48A4-A8A0-C318552DA133}.Debug|Any CPU.ActiveCfg = Debug|Any CPU
		{1D86C98E-FB69-48A4-A8A0-C318552DA133}.Debug|Any CPU.Build.0 = Debug|Any CPU
		{1D86C98E-FB69-48A4-A8A0-C318552DA133}.Release|Any CPU.ActiveCfg = Release|Any CPU
		{1D86C98E-FB69-48A4-A8A0-C318552DA133}.Release|Any CPU.Build.0 = Release|Any CPU
		{D8A13D9D-99D8-4C41-A5A7-AC4B1C7A54AC}.Debug|Any CPU.ActiveCfg = Debug|Any CPU
		{D8A13D9D-99D8-4C41-A5A7-AC4B1C7A54AC}.Debug|Any CPU.Build.0 = Debug|Any CPU
		{D8A13D9D-99D8-4C41-A5A7-AC4B1C7A54AC}.Release|Any CPU.ActiveCfg = Release|Any CPU
		{D8A13D9D-99D8-4C41-A5A7-AC4B1C7A54AC}.Release|Any CPU.Build.0 = Release|Any CPU
		{D27BFEE1-6BE0-4598-BBEB-5DD9DDAC0F31}.Debug|Any CPU.ActiveCfg = Debug|Any CPU
		{D27BFEE1-6BE0-4598-BBEB-5DD9DDAC0F31}.Debug|Any CPU.Build.0 = Debug|Any CPU
		{D27BFEE1-6BE0-4598-BBEB-5DD9DDAC0F31}.Release|Any CPU.ActiveCfg = Release|Any CPU
		{D27BFEE1-6BE0-4598-BBEB-5DD9DDAC0F31}.Release|Any CPU.Build.0 = Release|Any CPU
		{E935B845-3D9D-4333-9625-5C1B0943F3E7}.Debug|Any CPU.ActiveCfg = Debug|Any CPU
		{E935B845-3D9D-4333-9625-5C1B0943F3E7}.Debug|Any CPU.Build.0 = Debug|Any CPU
		{E935B845-3D9D-4333-9625-5C1B0943F3E7}.Release|Any CPU.ActiveCfg = Release|Any CPU
		{E935B845-3D9D-4333-9625-5C1B0943F3E7}.Release|Any CPU.Build.0 = Release|Any CPU
		{6D299759-9C4F-4CD8-90F4-5CA7B445CEA0}.Debug|Any CPU.ActiveCfg = Debug|Any CPU
		{6D299759-9C4F-4CD8-90F4-5CA7B445CEA0}.Debug|Any CPU.Build.0 = Debug|Any CPU
		{6D299759-9C4F-4CD8-90F4-5CA7B445CEA0}.Release|Any CPU.ActiveCfg = Release|Any CPU
		{6D299759-9C4F-4CD8-90F4-5CA7B445CEA0}.Release|Any CPU.Build.0 = Release|Any CPU
		{49E110EF-03BC-450B-86B6-468611C346D5}.Debug|Any CPU.ActiveCfg = Debug|Any CPU
		{49E110EF-03BC-450B-86B6-468611C346D5}.Debug|Any CPU.Build.0 = Debug|Any CPU
		{49E110EF-03BC-450B-86B6-468611C346D5}.Release|Any CPU.ActiveCfg = Release|Any CPU
		{49E110EF-03BC-450B-86B6-468611C346D5}.Release|Any CPU.Build.0 = Release|Any CPU
		{0889E0FF-B7C7-4B3E-9D8F-E680E28DFD50}.Debug|Any CPU.ActiveCfg = Debug|Any CPU
		{0889E0FF-B7C7-4B3E-9D8F-E680E28DFD50}.Debug|Any CPU.Build.0 = Debug|Any CPU
		{0889E0FF-B7C7-4B3E-9D8F-E680E28DFD50}.Release|Any CPU.ActiveCfg = Release|Any CPU
		{0889E0FF-B7C7-4B3E-9D8F-E680E28DFD50}.Release|Any CPU.Build.0 = Release|Any CPU
		{3268362F-A6DC-4619-B95F-97695DAAADE9}.Debug|Any CPU.ActiveCfg = Debug|Any CPU
		{3268362F-A6DC-4619-B95F-97695DAAADE9}.Debug|Any CPU.Build.0 = Debug|Any CPU
		{3268362F-A6DC-4619-B95F-97695DAAADE9}.Release|Any CPU.ActiveCfg = Release|Any CPU
		{3268362F-A6DC-4619-B95F-97695DAAADE9}.Release|Any CPU.Build.0 = Release|Any CPU
		{617A3256-2777-4C2C-8249-B57D1FAC1CC5}.Debug|Any CPU.ActiveCfg = Debug|Any CPU
		{617A3256-2777-4C2C-8249-B57D1FAC1CC5}.Debug|Any CPU.Build.0 = Debug|Any CPU
		{617A3256-2777-4C2C-8249-B57D1FAC1CC5}.Release|Any CPU.ActiveCfg = Release|Any CPU
		{617A3256-2777-4C2C-8249-B57D1FAC1CC5}.Release|Any CPU.Build.0 = Release|Any CPU
		{E379B398-9B5B-4105-AF64-E29019A24244}.Debug|Any CPU.ActiveCfg = Debug|Any CPU
		{E379B398-9B5B-4105-AF64-E29019A24244}.Debug|Any CPU.Build.0 = Debug|Any CPU
		{E379B398-9B5B-4105-AF64-E29019A24244}.Release|Any CPU.ActiveCfg = Release|Any CPU
		{E379B398-9B5B-4105-AF64-E29019A24244}.Release|Any CPU.Build.0 = Release|Any CPU
	EndGlobalSection
	GlobalSection(SolutionProperties) = preSolution
		HideSolutionNode = FALSE
	EndGlobalSection
	GlobalSection(NestedProjects) = preSolution
		{D53E70B4-5D3A-4610-987F-D9A5BA010C26} = {F311097F-6AD7-4F2D-9C22-CDC94F9AE50B}
		{62A129BD-75DB-45F7-9A3E-34D397980CDC} = {F311097F-6AD7-4F2D-9C22-CDC94F9AE50B}
		{3483B5EE-7AFB-4D0D-970C-446F0BBEF793} = {62A129BD-75DB-45F7-9A3E-34D397980CDC}
		{1D86C98E-FB69-48A4-A8A0-C318552DA133} = {F99372AC-CAFC-4DF1-8367-D36D0DE06B43}
		{D8A13D9D-99D8-4C41-A5A7-AC4B1C7A54AC} = {D53E70B4-5D3A-4610-987F-D9A5BA010C26}
		{D27BFEE1-6BE0-4598-BBEB-5DD9DDAC0F31} = {C087BC8D-E00A-4A40-AEF5-D1F4218CB906}
		{E935B845-3D9D-4333-9625-5C1B0943F3E7} = {ADDD96C7-A299-4415-8A9E-9C3FEDAE23D5}
		{ADDD96C7-A299-4415-8A9E-9C3FEDAE23D5} = {395502FD-EFEC-4062-A7A2-DEFD223BDE9E}
		{A7037E4F-FC2F-466D-82FD-492DEDAFCBE1} = {395502FD-EFEC-4062-A7A2-DEFD223BDE9E}
		{6D299759-9C4F-4CD8-90F4-5CA7B445CEA0} = {A7037E4F-FC2F-466D-82FD-492DEDAFCBE1}
		{D5384D61-C63A-4B5D-8425-829D75B85CFE} = {395502FD-EFEC-4062-A7A2-DEFD223BDE9E}
		{49E110EF-03BC-450B-86B6-468611C346D5} = {D5384D61-C63A-4B5D-8425-829D75B85CFE}
		{0889E0FF-B7C7-4B3E-9D8F-E680E28DFD50} = {13F5B3A6-1206-4628-9E8F-6510C7BB02C6}
		{3268362F-A6DC-4619-B95F-97695DAAADE9} = {13F5B3A6-1206-4628-9E8F-6510C7BB02C6}
		{617A3256-2777-4C2C-8249-B57D1FAC1CC5} = {13F5B3A6-1206-4628-9E8F-6510C7BB02C6}
		{E379B398-9B5B-4105-AF64-E29019A24244} = {13F5B3A6-1206-4628-9E8F-6510C7BB02C6}
	EndGlobalSection
	GlobalSection(ExtensibilityGlobals) = postSolution
		EnterpriseLibraryConfigurationToolBinariesPathV6 = packages\EnterpriseLibrary.Common.6.0.1304.0\lib\NET45
		SolutionGuid = {25B2215D-57A4-4400-8BA4-13ADA18F4037}
	EndGlobalSection
EndGlobal
